{
  "version": 4,
  "terraform_version": "1.0.7",
  "serial": 487,
  "lineage": "ca258d34-1ed8-73f5-d894-1e8a24aa7e74",
  "outputs": {},
  "resources": [
    {
      "module": "module.App-1",
      "mode": "managed",
      "type": "aws_instance",
      "name": "App",
      "provider": "provider[\"registry.terraform.io/hashicorp/aws\"]",
      "instances": [
        {
          "schema_version": 1,
          "attributes": {
            "ami": "ami-00e87074e52e6c9f9",
            "arn": "arn:aws:ec2:us-east-1:360748086597:instance/i-08bbe99e39edb2a42",
            "associate_public_ip_address": false,
            "availability_zone": "us-east-1a",
            "capacity_reservation_specification": [
              {
                "capacity_reservation_preference": "open",
                "capacity_reservation_target": []
              }
            ],
            "cpu_core_count": 1,
            "cpu_threads_per_core": 1,
            "credit_specification": [
              {
                "cpu_credits": "standard"
              }
            ],
            "disable_api_termination": false,
            "ebs_block_device": [],
            "ebs_optimized": false,
            "enclave_options": [
              {
                "enabled": false
              }
            ],
            "ephemeral_block_device": [],
            "get_password_data": false,
            "hibernation": false,
            "host_id": null,
            "iam_instance_profile": "",
            "id": "i-08bbe99e39edb2a42",
            "instance_initiated_shutdown_behavior": "stop",
            "instance_state": "running",
            "instance_type": "t2.micro",
            "ipv6_address_count": 0,
            "ipv6_addresses": [],
            "key_name": "xwiggy-key",
            "launch_template": [],
            "metadata_options": [
              {
                "http_endpoint": "enabled",
                "http_put_response_hop_limit": 1,
                "http_tokens": "optional"
              }
            ],
            "monitoring": false,
            "network_interface": [],
            "outpost_arn": "",
            "password_data": "",
            "placement_group": "",
            "primary_network_interface_id": "eni-0325e21f54bec4b4f",
            "private_dns": "ip-10-0-2-111.ec2.internal",
            "private_ip": "10.0.2.111",
            "public_dns": "",
            "public_ip": "",
            "root_block_device": [
              {
                "delete_on_termination": true,
                "device_name": "/dev/sda1",
                "encrypted": false,
                "iops": 100,
                "kms_key_id": "",
                "tags": {},
                "throughput": 0,
                "volume_id": "vol-0cedbb07902901c8c",
                "volume_size": 8,
                "volume_type": "gp2"
              }
            ],
            "secondary_private_ips": [],
            "security_groups": [],
            "source_dest_check": true,
            "subnet_id": "subnet-0da7d0edb8480f10f",
            "tags": {
              "Name": "xwiggy-App-1"
            },
            "tags_all": {
              "Name": "xwiggy-App-1"
            },
            "tenancy": "default",
            "timeouts": null,
            "user_data": "b48497d4ea15bbe11ced55f02c53cf3cc9db030c",
            "user_data_base64": null,
            "volume_tags": null,
            "vpc_security_group_ids": [
              "sg-0c04141db0ba102b4"
            ]
          },
          "sensitive_attributes": [],
          "private": "eyJlMmJmYjczMC1lY2FhLTExZTYtOGY4OC0zNDM2M2JjN2M0YzAiOnsiY3JlYXRlIjo2MDAwMDAwMDAwMDAsImRlbGV0ZSI6MTIwMDAwMDAwMDAwMCwidXBkYXRlIjo2MDAwMDAwMDAwMDB9LCJzY2hlbWFfdmVyc2lvbiI6IjEifQ==",
          "dependencies": [
            "module.key-pair.aws_key_pair.keypair",
            "module.xwiggy-security-groups.aws_security_group.vpc-private-security-group",
            "module.xwiggy-vpc.aws_subnet.private_subnet-1",
            "module.xwiggy-vpc.aws_vpc.xwiggy_vpc"
          ]
        }
      ]
    },
    {
      "module": "module.App-2",
      "mode": "managed",
      "type": "aws_instance",
      "name": "App",
      "provider": "provider[\"registry.terraform.io/hashicorp/aws\"]",
      "instances": [
        {
          "schema_version": 1,
          "attributes": {
            "ami": "ami-00e87074e52e6c9f9",
            "arn": "arn:aws:ec2:us-east-1:360748086597:instance/i-092de28ef818ebf89",
            "associate_public_ip_address": false,
            "availability_zone": "us-east-1b",
            "capacity_reservation_specification": [
              {
                "capacity_reservation_preference": "open",
                "capacity_reservation_target": []
              }
            ],
            "cpu_core_count": 1,
            "cpu_threads_per_core": 1,
            "credit_specification": [
              {
                "cpu_credits": "standard"
              }
            ],
            "disable_api_termination": false,
            "ebs_block_device": [],
            "ebs_optimized": false,
            "enclave_options": [
              {
                "enabled": false
              }
            ],
            "ephemeral_block_device": [],
            "get_password_data": false,
            "hibernation": false,
            "host_id": null,
            "iam_instance_profile": "",
            "id": "i-092de28ef818ebf89",
            "instance_initiated_shutdown_behavior": "stop",
            "instance_state": "running",
            "instance_type": "t2.micro",
            "ipv6_address_count": 0,
            "ipv6_addresses": [],
            "key_name": "xwiggy-key",
            "launch_template": [],
            "metadata_options": [
              {
                "http_endpoint": "enabled",
                "http_put_response_hop_limit": 1,
                "http_tokens": "optional"
              }
            ],
            "monitoring": false,
            "network_interface": [],
            "outpost_arn": "",
            "password_data": "",
            "placement_group": "",
            "primary_network_interface_id": "eni-0f22400db95859a57",
            "private_dns": "ip-10-0-4-111.ec2.internal",
            "private_ip": "10.0.4.111",
            "public_dns": "",
            "public_ip": "",
            "root_block_device": [
              {
                "delete_on_termination": true,
                "device_name": "/dev/sda1",
                "encrypted": false,
                "iops": 100,
                "kms_key_id": "",
                "tags": {},
                "throughput": 0,
                "volume_id": "vol-0cd073be870491156",
                "volume_size": 8,
                "volume_type": "gp2"
              }
            ],
            "secondary_private_ips": [],
            "security_groups": [],
            "source_dest_check": true,
            "subnet_id": "subnet-041ee3b7414485715",
            "tags": {
              "Name": "xwiggy-App-2"
            },
            "tags_all": {
              "Name": "xwiggy-App-2"
            },
            "tenancy": "default",
            "timeouts": null,
            "user_data": "b48497d4ea15bbe11ced55f02c53cf3cc9db030c",
            "user_data_base64": null,
            "volume_tags": null,
            "vpc_security_group_ids": [
              "sg-0c04141db0ba102b4"
            ]
          },
          "sensitive_attributes": [],
          "private": "eyJlMmJmYjczMC1lY2FhLTExZTYtOGY4OC0zNDM2M2JjN2M0YzAiOnsiY3JlYXRlIjo2MDAwMDAwMDAwMDAsImRlbGV0ZSI6MTIwMDAwMDAwMDAwMCwidXBkYXRlIjo2MDAwMDAwMDAwMDB9LCJzY2hlbWFfdmVyc2lvbiI6IjEifQ==",
          "dependencies": [
            "module.key-pair.aws_key_pair.keypair",
            "module.xwiggy-security-groups.aws_security_group.vpc-private-security-group",
            "module.xwiggy-vpc.aws_subnet.private_subnet-2",
            "module.xwiggy-vpc.aws_vpc.xwiggy_vpc"
          ]
        }
      ]
    },
    {
      "module": "module.basion-host",
      "mode": "managed",
      "type": "aws_instance",
      "name": "App",
      "provider": "provider[\"registry.terraform.io/hashicorp/aws\"]",
      "instances": [
        {
          "schema_version": 1,
          "attributes": {
            "ami": "ami-00e87074e52e6c9f9",
            "arn": "arn:aws:ec2:us-east-1:360748086597:instance/i-0b9162c39faf686fb",
            "associate_public_ip_address": true,
            "availability_zone": "us-east-1a",
            "capacity_reservation_specification": [
              {
                "capacity_reservation_preference": "open",
                "capacity_reservation_target": []
              }
            ],
            "cpu_core_count": 1,
            "cpu_threads_per_core": 1,
            "credit_specification": [
              {
                "cpu_credits": "standard"
              }
            ],
            "disable_api_termination": false,
            "ebs_block_device": [],
            "ebs_optimized": false,
            "enclave_options": [
              {
                "enabled": false
              }
            ],
            "ephemeral_block_device": [],
            "get_password_data": false,
            "hibernation": false,
            "host_id": null,
            "iam_instance_profile": "",
            "id": "i-0b9162c39faf686fb",
            "instance_initiated_shutdown_behavior": "stop",
            "instance_state": "running",
            "instance_type": "t2.micro",
            "ipv6_address_count": 0,
            "ipv6_addresses": [],
            "key_name": "xwiggy-key",
            "launch_template": [],
            "metadata_options": [
              {
                "http_endpoint": "enabled",
                "http_put_response_hop_limit": 1,
                "http_tokens": "optional"
              }
            ],
            "monitoring": false,
            "network_interface": [],
            "outpost_arn": "",
            "password_data": "",
            "placement_group": "",
            "primary_network_interface_id": "eni-081f40cac7bd52b4f",
            "private_dns": "ip-10-0-1-10.ec2.internal",
            "private_ip": "10.0.1.10",
            "public_dns": "",
            "public_ip": "50.19.140.249",
            "root_block_device": [
              {
                "delete_on_termination": true,
                "device_name": "/dev/sda1",
                "encrypted": false,
                "iops": 100,
                "kms_key_id": "",
                "tags": {},
                "throughput": 0,
                "volume_id": "vol-05a83f124c8515eb2",
                "volume_size": 8,
                "volume_type": "gp2"
              }
            ],
            "secondary_private_ips": [],
            "security_groups": [],
            "source_dest_check": true,
            "subnet_id": "subnet-0de802ca654e6c622",
            "tags": {
              "Name": "xwiggy-bastion-host"
            },
            "tags_all": {
              "Name": "xwiggy-bastion-host"
            },
            "tenancy": "default",
            "timeouts": null,
            "user_data": "b48497d4ea15bbe11ced55f02c53cf3cc9db030c",
            "user_data_base64": null,
            "volume_tags": null,
            "vpc_security_group_ids": [
              "sg-07679944b9cb9b4d7"
            ]
          },
          "sensitive_attributes": [],
          "private": "eyJlMmJmYjczMC1lY2FhLTExZTYtOGY4OC0zNDM2M2JjN2M0YzAiOnsiY3JlYXRlIjo2MDAwMDAwMDAwMDAsImRlbGV0ZSI6MTIwMDAwMDAwMDAwMCwidXBkYXRlIjo2MDAwMDAwMDAwMDB9LCJzY2hlbWFfdmVyc2lvbiI6IjEifQ==",
          "dependencies": [
            "module.key-pair.aws_key_pair.keypair",
            "module.xwiggy-security-groups.aws_security_group.vpc-public-security-group",
            "module.xwiggy-vpc.aws_subnet.public_subnet-1",
            "module.xwiggy-vpc.aws_vpc.xwiggy_vpc"
          ]
        }
      ]
    },
    {
      "module": "module.key-pair",
      "mode": "managed",
      "type": "aws_key_pair",
      "name": "keypair",
      "provider": "provider[\"registry.terraform.io/hashicorp/aws\"]",
      "instances": [
        {
          "schema_version": 1,
          "attributes": {
            "arn": "arn:aws:ec2:us-east-1:360748086597:key-pair/xwiggy-key",
            "fingerprint": "59:d3:36:e6:bf:90:f6:4e:ac:a2:57:54:77:68:3b:2f",
            "id": "xwiggy-key",
            "key_name": "xwiggy-key",
            "key_name_prefix": null,
            "key_pair_id": "key-0462903740cd59800",
            "public_key": "ssh-rsa AAAAB3NzaC1yc2EAAAADAQABAAABgQDJbYOEOqyBQ2XGtgIyLZ+5lEBLocg/zYdJjYBvQg1b4vYuT7lP0OdOHCX2QKWIR2pz6dkRhnkyRkaDtWvWjx64prAsJXxilz8W7uWap+Cj3V7e/DqlXoV+06yfGFo0NvgBEf43D4xpM5yZo0jhmANIbErguujZQuDXZAS960CLuXa1JfMxjH7SsVJiUpcjf6gwnX3yvZACpCJbyK0/uygL60luKwm+HhmDfglAw2g8tSJolAWZtsVfYGHonjyeOn28JRLLRYxvHzKqv6SvC/oCHr4EqdzSGO5VdSw996htnXYUHj8SonvZHBSTbYvdy1AfoWwxv2VAZXso6V+oFytkhNQqDZduCZoDhaJXu9TskznAtq6Nsv+Vvvn3OQyiJVCh730HAClrGh3SwG+sTJKOGL1jriOezwdunUQqDHN97JT04C492q1A1t/btbow23GNmwO9VusNuEQ7z6AfI5ssu8XnNZud6vf9oZ4t4uu91FKm2R2Z7p0/8VEkpc7MM6k= srinath@srinath-laptop",
            "tags": {
              "Name": "xwiggy-key"
            },
            "tags_all": {
              "Name": "xwiggy-key"
            }
          },
          "sensitive_attributes": [],
          "private": "eyJzY2hlbWFfdmVyc2lvbiI6IjEifQ=="
        }
      ]
    },
    {
      "module": "module.public-lb",
      "mode": "managed",
      "type": "aws_lb",
      "name": "public",
      "provider": "provider[\"registry.terraform.io/hashicorp/aws\"]",
      "instances": [
        {
          "status": "tainted",
          "schema_version": 0,
          "attributes": {
            "access_logs": [
              {
                "bucket": "xwiggy-lb-logs",
                "enabled": true,
                "prefix": "test-lb"
              }
            ],
            "arn": null,
            "arn_suffix": null,
            "customer_owned_ipv4_pool": null,
            "dns_name": null,
            "drop_invalid_header_fields": false,
            "enable_cross_zone_load_balancing": null,
            "enable_deletion_protection": false,
            "enable_http2": true,
            "id": "arn:aws:elasticloadbalancing:us-east-1:360748086597:loadbalancer/app/xwiggy-public-lb/afd0fe9633b609c5",
            "idle_timeout": 60,
            "internal": false,
            "ip_address_type": null,
            "load_balancer_type": "application",
            "name": "xwiggy-public-lb",
            "name_prefix": null,
            "security_groups": [
              "sg-07679944b9cb9b4d7"
            ],
            "subnet_mapping": [],
            "subnets": [
              "subnet-0c2907a0a05d23db4",
              "subnet-0de802ca654e6c622"
            ],
            "tags": {
              "Environment": "production-public-lb"
            },
            "tags_all": {
              "Environment": "production-public-lb"
            },
            "timeouts": null,
            "vpc_id": null,
            "zone_id": null
          },
          "sensitive_attributes": [],
          "private": "eyJlMmJmYjczMC1lY2FhLTExZTYtOGY4OC0zNDM2M2JjN2M0YzAiOnsiY3JlYXRlIjo2MDAwMDAwMDAwMDAsImRlbGV0ZSI6NjAwMDAwMDAwMDAwLCJ1cGRhdGUiOjYwMDAwMDAwMDAwMH19",
          "dependencies": [
            "module.public-lb.aws_s3_bucket.lb_access_logs",
            "module.xwiggy-security-groups.aws_security_group.vpc-public-security-group",
            "module.xwiggy-vpc.aws_subnet.public_subnet-1",
            "module.xwiggy-vpc.aws_subnet.public_subnet-2",
            "module.xwiggy-vpc.aws_vpc.xwiggy_vpc"
          ]
        }
      ]
    },
    {
      "module": "module.public-lb",
      "mode": "managed",
      "type": "aws_s3_bucket",
      "name": "lb_access_logs",
      "provider": "provider[\"registry.terraform.io/hashicorp/aws\"]",
      "instances": [
        {
          "schema_version": 0,
          "attributes": {
            "acceleration_status": "",
            "acl": "private",
            "arn": "arn:aws:s3:::xwiggy-lb-logs",
            "bucket": "xwiggy-lb-logs",
            "bucket_domain_name": "xwiggy-lb-logs.s3.amazonaws.com",
            "bucket_prefix": null,
            "bucket_regional_domain_name": "xwiggy-lb-logs.s3.amazonaws.com",
            "cors_rule": [],
            "force_destroy": false,
            "grant": [],
            "hosted_zone_id": "Z3AQBSTGFYJSTF",
            "id": "xwiggy-lb-logs",
            "lifecycle_rule": [],
            "logging": [],
            "object_lock_configuration": [],
            "policy": null,
            "region": "us-east-1",
            "replication_configuration": [],
            "request_payer": "BucketOwner",
            "server_side_encryption_configuration": [],
            "tags": {
              "Environment": "Production",
              "Name": "var.bucket_name"
            },
            "tags_all": {
              "Environment": "Production",
              "Name": "var.bucket_name"
            },
            "versioning": [
              {
                "enabled": false,
                "mfa_delete": false
              }
            ],
            "website": [],
            "website_domain": null,
            "website_endpoint": null
          },
          "sensitive_attributes": [],
          "private": "bnVsbA=="
        }
      ]
    },
    {
      "module": "module.rds",
      "mode": "managed",
      "type": "aws_db_instance",
      "name": "database",
      "provider": "provider[\"registry.terraform.io/hashicorp/aws\"]",
      "instances": [
        {
          "schema_version": 1,
          "attributes": {
            "address": "xwiggyrds.c0qpxhpv5tx9.us-east-1.rds.amazonaws.com",
            "allocated_storage": 10,
            "allow_major_version_upgrade": null,
            "apply_immediately": null,
            "arn": "arn:aws:rds:us-east-1:360748086597:db:xwiggyrds",
            "auto_minor_version_upgrade": true,
            "availability_zone": "us-east-1b",
            "backup_retention_period": 0,
            "backup_window": "09:09-09:39",
            "ca_cert_identifier": "rds-ca-2019",
            "character_set_name": "",
            "copy_tags_to_snapshot": false,
            "customer_owned_ip_enabled": false,
            "db_subnet_group_name": "main",
            "delete_automated_backups": true,
            "deletion_protection": false,
            "domain": "",
            "domain_iam_role_name": "",
            "enabled_cloudwatch_logs_exports": [],
            "endpoint": "xwiggyrds.c0qpxhpv5tx9.us-east-1.rds.amazonaws.com:3306",
            "engine": "mysql",
            "engine_version": "5.7",
            "engine_version_actual": "5.7.33",
            "final_snapshot_identifier": null,
            "hosted_zone_id": "Z2R2ITUGPM61AM",
            "iam_database_authentication_enabled": false,
            "id": "xwiggyrds",
            "identifier": "xwiggyrds",
            "identifier_prefix": null,
            "instance_class": "db.t3.micro",
            "iops": 0,
            "kms_key_id": "",
            "latest_restorable_time": "0001-01-01T00:00:00Z",
            "license_model": "general-public-license",
            "maintenance_window": "sat:04:19-sat:04:49",
            "max_allocated_storage": 0,
            "monitoring_interval": 0,
            "monitoring_role_arn": "",
            "multi_az": false,
            "name": "xwiggyrds",
            "nchar_character_set_name": "",
            "option_group_name": "default:mysql-5-7",
            "parameter_group_name": "default.mysql5.7",
            "password": "Password$321",
            "performance_insights_enabled": false,
            "performance_insights_kms_key_id": "",
            "performance_insights_retention_period": 0,
            "port": 3306,
            "publicly_accessible": false,
            "replicas": [],
            "replicate_source_db": "",
            "resource_id": "db-5YCLWIG6HAGGS2I6SMMLYOYLEE",
            "restore_to_point_in_time": [],
            "s3_import": [],
            "security_group_names": [],
            "skip_final_snapshot": true,
            "snapshot_identifier": null,
            "status": "available",
            "storage_encrypted": false,
            "storage_type": "gp2",
            "tags": {},
            "tags_all": {},
            "timeouts": null,
            "timezone": "",
            "username": "admin",
            "vpc_security_group_ids": [
              "sg-07679944b9cb9b4d7"
            ]
          },
          "sensitive_attributes": [],
          "private": "eyJlMmJmYjczMC1lY2FhLTExZTYtOGY4OC0zNDM2M2JjN2M0YzAiOnsiY3JlYXRlIjoyNDAwMDAwMDAwMDAwLCJkZWxldGUiOjM2MDAwMDAwMDAwMDAsInVwZGF0ZSI6NDgwMDAwMDAwMDAwMH0sInNjaGVtYV92ZXJzaW9uIjoiMSJ9",
          "dependencies": [
            "module.rds.aws_db_subnet_group.default",
            "module.xwiggy-security-groups.aws_security_group.vpc-public-security-group",
            "module.xwiggy-vpc.aws_subnet.private_subnet-1",
            "module.xwiggy-vpc.aws_subnet.private_subnet-2",
            "module.xwiggy-vpc.aws_vpc.xwiggy_vpc"
          ]
        }
      ]
    },
    {
      "module": "module.rds",
      "mode": "managed",
      "type": "aws_db_subnet_group",
      "name": "default",
      "provider": "provider[\"registry.terraform.io/hashicorp/aws\"]",
      "instances": [
        {
          "schema_version": 0,
          "attributes": {
            "arn": "arn:aws:rds:us-east-1:360748086597:subgrp:main",
            "description": "Managed by Terraform",
            "id": "main",
            "name": "main",
            "name_prefix": null,
            "subnet_ids": [
              "subnet-041ee3b7414485715",
              "subnet-0da7d0edb8480f10f"
            ],
            "tags": {
              "Name": "My DB subnet group"
            },
            "tags_all": {
              "Name": "My DB subnet group"
            }
          },
          "sensitive_attributes": [],
          "private": "bnVsbA==",
          "dependencies": [
            "module.xwiggy-vpc.aws_subnet.private_subnet-1",
            "module.xwiggy-vpc.aws_subnet.private_subnet-2",
            "module.xwiggy-vpc.aws_vpc.xwiggy_vpc"
          ]
        }
      ]
    },
    {
      "module": "module.web-1",
      "mode": "managed",
      "type": "aws_instance",
      "name": "web",
      "provider": "provider[\"registry.terraform.io/hashicorp/aws\"]",
      "instances": [
        {
          "schema_version": 1,
          "attributes": {
            "ami": "ami-00e87074e52e6c9f9",
            "arn": "arn:aws:ec2:us-east-1:360748086597:instance/i-0cb2a027696bcd7c2",
            "associate_public_ip_address": false,
            "availability_zone": "us-east-1a",
            "capacity_reservation_specification": [
              {
                "capacity_reservation_preference": "open",
                "capacity_reservation_target": []
              }
            ],
            "cpu_core_count": 1,
            "cpu_threads_per_core": 1,
            "credit_specification": [
              {
                "cpu_credits": "standard"
              }
            ],
            "disable_api_termination": false,
            "ebs_block_device": [],
            "ebs_optimized": false,
            "enclave_options": [
              {
                "enabled": false
              }
            ],
            "ephemeral_block_device": [],
            "get_password_data": false,
            "hibernation": false,
            "host_id": null,
            "iam_instance_profile": "",
            "id": "i-0cb2a027696bcd7c2",
            "instance_initiated_shutdown_behavior": "stop",
            "instance_state": "running",
            "instance_type": "t2.micro",
            "ipv6_address_count": 0,
            "ipv6_addresses": [],
            "key_name": "xwiggy-key",
            "launch_template": [],
            "metadata_options": [
              {
                "http_endpoint": "enabled",
                "http_put_response_hop_limit": 1,
                "http_tokens": "optional"
              }
            ],
            "monitoring": false,
            "network_interface": [],
            "outpost_arn": "",
            "password_data": "",
            "placement_group": "",
            "primary_network_interface_id": "eni-00d696ba39b4a7f9b",
            "private_dns": "ip-10-0-2-222.ec2.internal",
            "private_ip": "10.0.2.222",
            "public_dns": "",
            "public_ip": "",
            "root_block_device": [
              {
                "delete_on_termination": true,
                "device_name": "/dev/sda1",
                "encrypted": false,
                "iops": 100,
                "kms_key_id": "",
                "tags": {},
                "throughput": 0,
                "volume_id": "vol-08ce3e949e7c26b30",
                "volume_size": 8,
                "volume_type": "gp2"
              }
            ],
            "secondary_private_ips": [],
            "security_groups": [],
            "source_dest_check": true,
            "subnet_id": "subnet-0da7d0edb8480f10f",
            "tags": {
              "Name": "xwiggy-web-1"
            },
            "tags_all": {
              "Name": "xwiggy-web-1"
            },
            "tenancy": "default",
            "timeouts": null,
            "user_data": "99cd739b934ceed996fd418d817ea5a409fe67e5",
            "user_data_base64": null,
            "volume_tags": null,
            "vpc_security_group_ids": [
              "sg-0c04141db0ba102b4"
            ]
          },
          "sensitive_attributes": [],
          "private": "eyJlMmJmYjczMC1lY2FhLTExZTYtOGY4OC0zNDM2M2JjN2M0YzAiOnsiY3JlYXRlIjo2MDAwMDAwMDAwMDAsImRlbGV0ZSI6MTIwMDAwMDAwMDAwMCwidXBkYXRlIjo2MDAwMDAwMDAwMDB9LCJzY2hlbWFfdmVyc2lvbiI6IjEifQ==",
          "dependencies": [
            "module.xwiggy-security-groups.aws_security_group.vpc-private-security-group",
            "module.xwiggy-vpc.aws_subnet.private_subnet-1",
            "module.xwiggy-vpc.aws_vpc.xwiggy_vpc"
          ]
        }
      ]
    },
    {
      "module": "module.web-2",
      "mode": "managed",
      "type": "aws_instance",
      "name": "web",
      "provider": "provider[\"registry.terraform.io/hashicorp/aws\"]",
      "instances": [
        {
          "schema_version": 1,
          "attributes": {
            "ami": "ami-00e87074e52e6c9f9",
            "arn": "arn:aws:ec2:us-east-1:360748086597:instance/i-02f57c34fe5d9572a",
            "associate_public_ip_address": false,
            "availability_zone": "us-east-1b",
            "capacity_reservation_specification": [
              {
                "capacity_reservation_preference": "open",
                "capacity_reservation_target": []
              }
            ],
            "cpu_core_count": 1,
            "cpu_threads_per_core": 1,
            "credit_specification": [
              {
                "cpu_credits": "standard"
              }
            ],
            "disable_api_termination": false,
            "ebs_block_device": [],
            "ebs_optimized": false,
            "enclave_options": [
              {
                "enabled": false
              }
            ],
            "ephemeral_block_device": [],
            "get_password_data": false,
            "hibernation": false,
            "host_id": null,
            "iam_instance_profile": "",
            "id": "i-02f57c34fe5d9572a",
            "instance_initiated_shutdown_behavior": "stop",
            "instance_state": "running",
            "instance_type": "t2.micro",
            "ipv6_address_count": 0,
            "ipv6_addresses": [],
            "key_name": "xwiggy-key",
            "launch_template": [],
            "metadata_options": [
              {
                "http_endpoint": "enabled",
                "http_put_response_hop_limit": 1,
                "http_tokens": "optional"
              }
            ],
            "monitoring": false,
            "network_interface": [],
            "outpost_arn": "",
            "password_data": "",
            "placement_group": "",
            "primary_network_interface_id": "eni-0d6e60a147fd7e8bb",
            "private_dns": "ip-10-0-4-222.ec2.internal",
            "private_ip": "10.0.4.222",
            "public_dns": "",
            "public_ip": "",
            "root_block_device": [
              {
                "delete_on_termination": true,
                "device_name": "/dev/sda1",
                "encrypted": false,
                "iops": 100,
                "kms_key_id": "",
                "tags": {},
                "throughput": 0,
                "volume_id": "vol-0485acb40472dcfaf",
                "volume_size": 8,
                "volume_type": "gp2"
              }
            ],
            "secondary_private_ips": [],
            "security_groups": [],
            "source_dest_check": true,
            "subnet_id": "subnet-041ee3b7414485715",
            "tags": {
              "Name": "xwiggy-web-2"
            },
            "tags_all": {
              "Name": "xwiggy-web-2"
            },
            "tenancy": "default",
            "timeouts": null,
            "user_data": "99cd739b934ceed996fd418d817ea5a409fe67e5",
            "user_data_base64": null,
            "volume_tags": null,
            "vpc_security_group_ids": [
              "sg-0c04141db0ba102b4"
            ]
          },
          "sensitive_attributes": [],
          "private": "eyJlMmJmYjczMC1lY2FhLTExZTYtOGY4OC0zNDM2M2JjN2M0YzAiOnsiY3JlYXRlIjo2MDAwMDAwMDAwMDAsImRlbGV0ZSI6MTIwMDAwMDAwMDAwMCwidXBkYXRlIjo2MDAwMDAwMDAwMDB9LCJzY2hlbWFfdmVyc2lvbiI6IjEifQ==",
          "dependencies": [
            "module.xwiggy-security-groups.aws_security_group.vpc-private-security-group",
            "module.xwiggy-vpc.aws_subnet.private_subnet-2",
            "module.xwiggy-vpc.aws_vpc.xwiggy_vpc"
          ]
        }
      ]
    },
    {
      "module": "module.xwiggy-security-groups",
      "mode": "managed",
      "type": "aws_security_group",
      "name": "vpc-private-security-group",
      "provider": "provider[\"registry.terraform.io/hashicorp/aws\"]",
      "instances": [
        {
          "schema_version": 1,
          "attributes": {
            "arn": "arn:aws:ec2:us-east-1:360748086597:security-group/sg-0c04141db0ba102b4",
            "description": "Managed by Terraform",
            "egress": [
              {
                "cidr_blocks": [
                  "0.0.0.0/0"
                ],
                "description": "All traffic",
                "from_port": 0,
                "ipv6_cidr_blocks": [],
                "prefix_list_ids": [],
                "protocol": "-1",
                "security_groups": [],
                "self": false,
                "to_port": 0
              }
            ],
            "id": "sg-0c04141db0ba102b4",
            "ingress": [
              {
                "cidr_blocks": [
                  "10.0.0.0/16"
                ],
                "description": "vpc-traffic",
                "from_port": 0,
                "ipv6_cidr_blocks": [],
                "prefix_list_ids": [],
                "protocol": "-1",
                "security_groups": [],
                "self": false,
                "to_port": 0
              }
            ],
            "name": "xwiggy-private-security-group",
            "name_prefix": "",
            "owner_id": "360748086597",
            "revoke_rules_on_delete": false,
            "tags": {
              "Name": "xwiggy-private"
            },
            "tags_all": {
              "Name": "xwiggy-private"
            },
            "timeouts": null,
            "vpc_id": "vpc-0c58d7f5c9b86bc0f"
          },
          "sensitive_attributes": [],
          "private": "eyJlMmJmYjczMC1lY2FhLTExZTYtOGY4OC0zNDM2M2JjN2M0YzAiOnsiY3JlYXRlIjo2MDAwMDAwMDAwMDAsImRlbGV0ZSI6OTAwMDAwMDAwMDAwfSwic2NoZW1hX3ZlcnNpb24iOiIxIn0=",
          "dependencies": [
            "module.xwiggy-vpc.aws_vpc.xwiggy_vpc"
          ]
        }
      ]
    },
    {
      "module": "module.xwiggy-security-groups",
      "mode": "managed",
      "type": "aws_security_group",
      "name": "vpc-public-security-group",
      "provider": "provider[\"registry.terraform.io/hashicorp/aws\"]",
      "instances": [
        {
          "schema_version": 1,
          "attributes": {
            "arn": "arn:aws:ec2:us-east-1:360748086597:security-group/sg-07679944b9cb9b4d7",
            "description": "Managed by Terraform",
            "egress": [
              {
                "cidr_blocks": [
                  "0.0.0.0/0"
                ],
                "description": "",
                "from_port": 0,
                "ipv6_cidr_blocks": [],
                "prefix_list_ids": [],
                "protocol": "-1",
                "security_groups": [],
                "self": false,
                "to_port": 0
              }
            ],
            "id": "sg-07679944b9cb9b4d7",
            "ingress": [
              {
                "cidr_blocks": [
                  "10.0.0.0/16"
                ],
                "description": null,
                "from_port": 0,
                "ipv6_cidr_blocks": [],
                "prefix_list_ids": [],
                "protocol": "-1",
                "security_groups": [],
                "self": false,
                "to_port": 0
              }
            ],
            "name": "xwiggy-public-security-group",
            "name_prefix": "",
            "owner_id": "360748086597",
            "revoke_rules_on_delete": false,
            "tags": {
              "Name": "xwiggy-public"
            },
            "tags_all": {
              "Name": "xwiggy-public"
            },
            "timeouts": null,
            "vpc_id": "vpc-0c58d7f5c9b86bc0f"
          },
          "sensitive_attributes": [],
          "private": "eyJlMmJmYjczMC1lY2FhLTExZTYtOGY4OC0zNDM2M2JjN2M0YzAiOnsiY3JlYXRlIjo2MDAwMDAwMDAwMDAsImRlbGV0ZSI6OTAwMDAwMDAwMDAwfSwic2NoZW1hX3ZlcnNpb24iOiIxIn0=",
          "dependencies": [
            "module.xwiggy-vpc.aws_vpc.xwiggy_vpc"
          ]
        }
      ]
    },
    {
      "module": "module.xwiggy-security-groups",
      "mode": "managed",
      "type": "aws_security_group_rule",
      "name": "public_inbound-rules",
      "provider": "provider[\"registry.terraform.io/hashicorp/aws\"]",
      "instances": [
        {
          "schema_version": 2,
          "attributes": {
            "cidr_blocks": [
              "0.0.0.0/0"
            ],
            "description": "Allow https traffic worldwide",
            "from_port": 80,
            "id": "sgrule-1679834450",
            "ipv6_cidr_blocks": [],
            "prefix_list_ids": [],
            "protocol": "tcp",
            "security_group_id": "sg-07679944b9cb9b4d7",
            "self": false,
            "source_security_group_id": null,
            "to_port": 80,
            "type": "ingress"
          },
          "sensitive_attributes": [],
          "private": "eyJzY2hlbWFfdmVyc2lvbiI6IjIifQ==",
          "dependencies": [
            "module.xwiggy-security-groups.aws_security_group.vpc-public-security-group",
            "module.xwiggy-vpc.aws_vpc.xwiggy_vpc"
          ]
        }
      ]
    },
    {
      "module": "module.xwiggy-security-groups",
      "mode": "managed",
      "type": "aws_security_group_rule",
      "name": "public_inbound-rules_1",
      "provider": "provider[\"registry.terraform.io/hashicorp/aws\"]",
      "instances": [
        {
          "schema_version": 2,
          "attributes": {
            "cidr_blocks": [
              "157.32.168.5/32"
            ],
            "description": "Srinath",
            "from_port": 22,
            "id": "sgrule-2171817652",
            "ipv6_cidr_blocks": [],
            "prefix_list_ids": [],
            "protocol": "tcp",
            "security_group_id": "sg-07679944b9cb9b4d7",
            "self": false,
            "source_security_group_id": null,
            "to_port": 22,
            "type": "ingress"
          },
          "sensitive_attributes": [],
          "private": "eyJzY2hlbWFfdmVyc2lvbiI6IjIifQ==",
          "dependencies": [
            "module.xwiggy-security-groups.aws_security_group.vpc-public-security-group",
            "module.xwiggy-vpc.aws_vpc.xwiggy_vpc"
          ]
        }
      ]
    },
    {
      "module": "module.xwiggy-vpc",
      "mode": "managed",
      "type": "aws_default_route_table",
      "name": "public-route-table",
      "provider": "provider[\"registry.terraform.io/hashicorp/aws\"]",
      "instances": [
        {
          "schema_version": 0,
          "attributes": {
            "arn": "arn:aws:ec2:us-east-1:360748086597:route-table/rtb-0d91524e784d20eef",
            "default_route_table_id": "rtb-0d91524e784d20eef",
            "id": "rtb-0d91524e784d20eef",
            "owner_id": "360748086597",
            "propagating_vgws": [],
            "route": [
              {
                "cidr_block": "0.0.0.0/0",
                "destination_prefix_list_id": "",
                "egress_only_gateway_id": "",
                "gateway_id": "igw-0ce364079e726d4e5",
                "instance_id": "",
                "ipv6_cidr_block": "",
                "nat_gateway_id": "",
                "network_interface_id": "",
                "transit_gateway_id": "",
                "vpc_endpoint_id": "",
                "vpc_peering_connection_id": ""
              }
            ],
            "tags": {
              "Name": "xwiggy-public-route-table"
            },
            "tags_all": {
              "Name": "xwiggy-public-route-table"
            },
            "vpc_id": "vpc-0c58d7f5c9b86bc0f"
          },
          "sensitive_attributes": [],
          "private": "bnVsbA==",
          "dependencies": [
            "module.xwiggy-vpc.aws_vpc.xwiggy_vpc",
            "module.xwiggy-vpc.aws_internet_gateway.vpc_internet_gateway"
          ]
        }
      ]
    },
    {
      "module": "module.xwiggy-vpc",
      "mode": "managed",
      "type": "aws_eip",
      "name": "nat-gateway-elastic-ip",
      "provider": "provider[\"registry.terraform.io/hashicorp/aws\"]",
      "instances": [
        {
          "schema_version": 0,
          "attributes": {
            "address": null,
            "allocation_id": null,
            "associate_with_private_ip": null,
            "association_id": "eipassoc-0b0d1e3acc0da8aeb",
            "carrier_ip": "",
            "customer_owned_ip": "",
            "customer_owned_ipv4_pool": "",
            "domain": "vpc",
            "id": "eipalloc-066fa210b6532c408",
            "instance": "",
            "network_border_group": "us-east-1",
            "network_interface": "eni-0eaa15267a08f1e7f",
            "private_dns": "ip-10-0-1-137.ec2.internal",
            "private_ip": "10.0.1.137",
            "public_dns": "ec2-3-211-97-7.compute-1.amazonaws.com",
            "public_ip": "3.211.97.7",
            "public_ipv4_pool": "amazon",
            "tags": {
              "Name": "xwiggy-ngw-eip"
            },
            "tags_all": {
              "Name": "xwiggy-ngw-eip"
            },
            "timeouts": null,
            "vpc": true
          },
          "sensitive_attributes": [],
          "private": "eyJlMmJmYjczMC1lY2FhLTExZTYtOGY4OC0zNDM2M2JjN2M0YzAiOnsiZGVsZXRlIjoxODAwMDAwMDAwMDAsInJlYWQiOjkwMDAwMDAwMDAwMCwidXBkYXRlIjozMDAwMDAwMDAwMDB9fQ=="
        }
      ]
    },
    {
      "module": "module.xwiggy-vpc",
      "mode": "managed",
      "type": "aws_internet_gateway",
      "name": "vpc_internet_gateway",
      "provider": "provider[\"registry.terraform.io/hashicorp/aws\"]",
      "instances": [
        {
          "schema_version": 0,
          "attributes": {
            "arn": "arn:aws:ec2:us-east-1:360748086597:internet-gateway/igw-0ce364079e726d4e5",
            "id": "igw-0ce364079e726d4e5",
            "owner_id": "360748086597",
            "tags": {
              "Name": "xwiggy-igw"
            },
            "tags_all": {
              "Name": "xwiggy-igw"
            },
            "vpc_id": "vpc-0c58d7f5c9b86bc0f"
          },
          "sensitive_attributes": [],
          "private": "bnVsbA==",
          "dependencies": [
            "module.xwiggy-vpc.aws_vpc.xwiggy_vpc"
          ]
        }
      ]
    },
    {
      "module": "module.xwiggy-vpc",
      "mode": "managed",
      "type": "aws_nat_gateway",
      "name": "vpc_nat_gateway",
      "provider": "provider[\"registry.terraform.io/hashicorp/aws\"]",
      "instances": [
        {
          "schema_version": 0,
          "attributes": {
            "allocation_id": "eipalloc-066fa210b6532c408",
            "connectivity_type": "public",
            "id": "nat-05b3c0ebef647deea",
            "network_interface_id": "eni-0eaa15267a08f1e7f",
            "private_ip": "10.0.1.137",
            "public_ip": "3.211.97.7",
            "subnet_id": "subnet-0de802ca654e6c622",
            "tags": {
              "Name": "xwiggy-ngw"
            },
            "tags_all": {
              "Name": "xwiggy-ngw"
            }
          },
          "sensitive_attributes": [],
          "private": "bnVsbA==",
          "dependencies": [
            "module.xwiggy-vpc.aws_eip.nat-gateway-elastic-ip",
            "module.xwiggy-vpc.aws_subnet.public_subnet-1",
            "module.xwiggy-vpc.aws_vpc.xwiggy_vpc"
          ]
        }
      ]
    },
    {
      "module": "module.xwiggy-vpc",
      "mode": "managed",
      "type": "aws_route_table",
      "name": "private-route-table",
      "provider": "provider[\"registry.terraform.io/hashicorp/aws\"]",
      "instances": [
        {
          "schema_version": 0,
          "attributes": {
            "arn": "arn:aws:ec2:us-east-1:360748086597:route-table/rtb-00b55c880637774de",
            "id": "rtb-00b55c880637774de",
            "owner_id": "360748086597",
            "propagating_vgws": [],
            "route": [
              {
                "carrier_gateway_id": "",
                "cidr_block": "0.0.0.0/0",
                "destination_prefix_list_id": "",
                "egress_only_gateway_id": "",
                "gateway_id": "nat-05b3c0ebef647deea",
                "instance_id": "",
                "ipv6_cidr_block": "",
                "local_gateway_id": "",
                "nat_gateway_id": "",
                "network_interface_id": "",
                "transit_gateway_id": "",
                "vpc_endpoint_id": "",
                "vpc_peering_connection_id": ""
              }
            ],
            "tags": {
              "Name": "xwiggy-private-route-table"
            },
            "tags_all": {
              "Name": "xwiggy-private-route-table"
            },
            "vpc_id": "vpc-0c58d7f5c9b86bc0f"
          },
          "sensitive_attributes": [],
          "private": "bnVsbA==",
          "dependencies": [
            "module.xwiggy-vpc.aws_nat_gateway.vpc_nat_gateway",
            "module.xwiggy-vpc.aws_vpc.xwiggy_vpc"
          ]
        }
      ]
    },
    {
      "module": "module.xwiggy-vpc",
      "mode": "managed",
      "type": "aws_route_table_association",
      "name": "private-route-table-association-1",
      "provider": "provider[\"registry.terraform.io/hashicorp/aws\"]",
      "instances": [
        {
          "schema_version": 0,
          "attributes": {
            "gateway_id": "",
            "id": "rtbassoc-0c818e23b0f216724",
            "route_table_id": "rtb-00b55c880637774de",
            "subnet_id": "subnet-0da7d0edb8480f10f"
          },
          "sensitive_attributes": [],
          "private": "bnVsbA==",
          "dependencies": [
            "module.xwiggy-vpc.aws_nat_gateway.vpc_nat_gateway",
            "module.xwiggy-vpc.aws_route_table.private-route-table",
            "module.xwiggy-vpc.aws_subnet.private_subnet-1",
            "module.xwiggy-vpc.aws_subnet.public_subnet-1",
            "module.xwiggy-vpc.aws_vpc.xwiggy_vpc",
            "module.xwiggy-vpc.aws_eip.nat-gateway-elastic-ip"
          ]
        }
      ]
    },
    {
      "module": "module.xwiggy-vpc",
      "mode": "managed",
      "type": "aws_route_table_association",
      "name": "private-route-table-association-2",
      "provider": "provider[\"registry.terraform.io/hashicorp/aws\"]",
      "instances": [
        {
          "schema_version": 0,
          "attributes": {
            "gateway_id": "",
            "id": "rtbassoc-0c85f24379135b6ab",
            "route_table_id": "rtb-00b55c880637774de",
            "subnet_id": "subnet-041ee3b7414485715"
          },
          "sensitive_attributes": [],
          "private": "bnVsbA==",
          "dependencies": [
            "module.xwiggy-vpc.aws_route_table.private-route-table",
            "module.xwiggy-vpc.aws_subnet.private_subnet-2",
            "module.xwiggy-vpc.aws_subnet.public_subnet-1",
            "module.xwiggy-vpc.aws_vpc.xwiggy_vpc",
            "module.xwiggy-vpc.aws_eip.nat-gateway-elastic-ip",
            "module.xwiggy-vpc.aws_nat_gateway.vpc_nat_gateway"
          ]
        }
      ]
    },
    {
      "module": "module.xwiggy-vpc",
      "mode": "managed",
      "type": "aws_route_table_association",
      "name": "public-route-table-association-1",
      "provider": "provider[\"registry.terraform.io/hashicorp/aws\"]",
      "instances": [
        {
          "schema_version": 0,
          "attributes": {
            "gateway_id": "",
            "id": "rtbassoc-0ea88675959e87ac1",
            "route_table_id": "rtb-0d91524e784d20eef",
            "subnet_id": "subnet-0de802ca654e6c622"
          },
          "sensitive_attributes": [],
          "private": "bnVsbA==",
          "dependencies": [
            "module.xwiggy-vpc.aws_internet_gateway.vpc_internet_gateway",
            "module.xwiggy-vpc.aws_subnet.public_subnet-1",
            "module.xwiggy-vpc.aws_vpc.xwiggy_vpc",
            "module.xwiggy-vpc.aws_default_route_table.public-route-table"
          ]
        }
      ]
    },
    {
      "module": "module.xwiggy-vpc",
      "mode": "managed",
      "type": "aws_route_table_association",
      "name": "public-route-table-association-2",
      "provider": "provider[\"registry.terraform.io/hashicorp/aws\"]",
      "instances": [
        {
          "schema_version": 0,
          "attributes": {
            "gateway_id": "",
            "id": "rtbassoc-0eaa9fed9cee389a8",
            "route_table_id": "rtb-0d91524e784d20eef",
            "subnet_id": "subnet-0c2907a0a05d23db4"
          },
          "sensitive_attributes": [],
          "private": "bnVsbA==",
          "dependencies": [
            "module.xwiggy-vpc.aws_default_route_table.public-route-table",
            "module.xwiggy-vpc.aws_internet_gateway.vpc_internet_gateway",
            "module.xwiggy-vpc.aws_subnet.public_subnet-2",
            "module.xwiggy-vpc.aws_vpc.xwiggy_vpc"
          ]
        }
      ]
    },
    {
      "module": "module.xwiggy-vpc",
      "mode": "managed",
      "type": "aws_subnet",
      "name": "private_subnet-1",
      "provider": "provider[\"registry.terraform.io/hashicorp/aws\"]",
      "instances": [
        {
          "schema_version": 1,
          "attributes": {
            "arn": "arn:aws:ec2:us-east-1:360748086597:subnet/subnet-0da7d0edb8480f10f",
            "assign_ipv6_address_on_creation": false,
            "availability_zone": "us-east-1a",
            "availability_zone_id": "use1-az6",
            "cidr_block": "10.0.2.0/24",
            "customer_owned_ipv4_pool": "",
            "id": "subnet-0da7d0edb8480f10f",
            "ipv6_cidr_block": "",
            "ipv6_cidr_block_association_id": "",
            "map_customer_owned_ip_on_launch": false,
            "map_public_ip_on_launch": false,
            "outpost_arn": "",
            "owner_id": "360748086597",
            "tags": {
              "Name": "xwiggy-private-subnet-1"
            },
            "tags_all": {
              "Name": "xwiggy-private-subnet-1"
            },
            "timeouts": null,
            "vpc_id": "vpc-0c58d7f5c9b86bc0f"
          },
          "sensitive_attributes": [],
          "private": "eyJlMmJmYjczMC1lY2FhLTExZTYtOGY4OC0zNDM2M2JjN2M0YzAiOnsiY3JlYXRlIjo2MDAwMDAwMDAwMDAsImRlbGV0ZSI6MTIwMDAwMDAwMDAwMH0sInNjaGVtYV92ZXJzaW9uIjoiMSJ9",
          "dependencies": [
            "module.xwiggy-vpc.aws_vpc.xwiggy_vpc"
          ]
        }
      ]
    },
    {
      "module": "module.xwiggy-vpc",
      "mode": "managed",
      "type": "aws_subnet",
      "name": "private_subnet-2",
      "provider": "provider[\"registry.terraform.io/hashicorp/aws\"]",
      "instances": [
        {
          "schema_version": 1,
          "attributes": {
            "arn": "arn:aws:ec2:us-east-1:360748086597:subnet/subnet-041ee3b7414485715",
            "assign_ipv6_address_on_creation": false,
            "availability_zone": "us-east-1b",
            "availability_zone_id": "use1-az1",
            "cidr_block": "10.0.4.0/24",
            "customer_owned_ipv4_pool": "",
            "id": "subnet-041ee3b7414485715",
            "ipv6_cidr_block": "",
            "ipv6_cidr_block_association_id": "",
            "map_customer_owned_ip_on_launch": false,
            "map_public_ip_on_launch": false,
            "outpost_arn": "",
            "owner_id": "360748086597",
            "tags": {
              "Name": "xwiggy-private-subnet-2"
            },
            "tags_all": {
              "Name": "xwiggy-private-subnet-2"
            },
            "timeouts": null,
            "vpc_id": "vpc-0c58d7f5c9b86bc0f"
          },
          "sensitive_attributes": [],
          "private": "eyJlMmJmYjczMC1lY2FhLTExZTYtOGY4OC0zNDM2M2JjN2M0YzAiOnsiY3JlYXRlIjo2MDAwMDAwMDAwMDAsImRlbGV0ZSI6MTIwMDAwMDAwMDAwMH0sInNjaGVtYV92ZXJzaW9uIjoiMSJ9",
          "dependencies": [
            "module.xwiggy-vpc.aws_vpc.xwiggy_vpc"
          ]
        }
      ]
    },
    {
      "module": "module.xwiggy-vpc",
      "mode": "managed",
      "type": "aws_subnet",
      "name": "public_subnet-1",
      "provider": "provider[\"registry.terraform.io/hashicorp/aws\"]",
      "instances": [
        {
          "schema_version": 1,
          "attributes": {
            "arn": "arn:aws:ec2:us-east-1:360748086597:subnet/subnet-0de802ca654e6c622",
            "assign_ipv6_address_on_creation": false,
            "availability_zone": "us-east-1a",
            "availability_zone_id": "use1-az6",
            "cidr_block": "10.0.1.0/24",
            "customer_owned_ipv4_pool": "",
            "id": "subnet-0de802ca654e6c622",
            "ipv6_cidr_block": "",
            "ipv6_cidr_block_association_id": "",
            "map_customer_owned_ip_on_launch": false,
            "map_public_ip_on_launch": true,
            "outpost_arn": "",
            "owner_id": "360748086597",
            "tags": {
              "Name": "xwiggy-public-subnet-1"
            },
            "tags_all": {
              "Name": "xwiggy-public-subnet-1"
            },
            "timeouts": null,
            "vpc_id": "vpc-0c58d7f5c9b86bc0f"
          },
          "sensitive_attributes": [],
          "private": "eyJlMmJmYjczMC1lY2FhLTExZTYtOGY4OC0zNDM2M2JjN2M0YzAiOnsiY3JlYXRlIjo2MDAwMDAwMDAwMDAsImRlbGV0ZSI6MTIwMDAwMDAwMDAwMH0sInNjaGVtYV92ZXJzaW9uIjoiMSJ9",
          "dependencies": [
            "module.xwiggy-vpc.aws_vpc.xwiggy_vpc"
          ]
        }
      ]
    },
    {
      "module": "module.xwiggy-vpc",
      "mode": "managed",
      "type": "aws_subnet",
      "name": "public_subnet-2",
      "provider": "provider[\"registry.terraform.io/hashicorp/aws\"]",
      "instances": [
        {
          "schema_version": 1,
          "attributes": {
            "arn": "arn:aws:ec2:us-east-1:360748086597:subnet/subnet-0c2907a0a05d23db4",
            "assign_ipv6_address_on_creation": false,
            "availability_zone": "us-east-1b",
            "availability_zone_id": "use1-az1",
            "cidr_block": "10.0.3.0/24",
            "customer_owned_ipv4_pool": "",
            "id": "subnet-0c2907a0a05d23db4",
            "ipv6_cidr_block": "",
            "ipv6_cidr_block_association_id": "",
            "map_customer_owned_ip_on_launch": false,
            "map_public_ip_on_launch": true,
            "outpost_arn": "",
            "owner_id": "360748086597",
            "tags": {
              "Name": "xwiggy-public-subnet-2"
            },
            "tags_all": {
              "Name": "xwiggy-public-subnet-2"
            },
            "timeouts": null,
            "vpc_id": "vpc-0c58d7f5c9b86bc0f"
          },
          "sensitive_attributes": [],
          "private": "eyJlMmJmYjczMC1lY2FhLTExZTYtOGY4OC0zNDM2M2JjN2M0YzAiOnsiY3JlYXRlIjo2MDAwMDAwMDAwMDAsImRlbGV0ZSI6MTIwMDAwMDAwMDAwMH0sInNjaGVtYV92ZXJzaW9uIjoiMSJ9",
          "dependencies": [
            "module.xwiggy-vpc.aws_vpc.xwiggy_vpc"
          ]
        }
      ]
    },
    {
      "module": "module.xwiggy-vpc",
      "mode": "managed",
      "type": "aws_vpc",
      "name": "xwiggy_vpc",
      "provider": "provider[\"registry.terraform.io/hashicorp/aws\"]",
      "instances": [
        {
          "schema_version": 1,
          "attributes": {
            "arn": "arn:aws:ec2:us-east-1:360748086597:vpc/vpc-0c58d7f5c9b86bc0f",
            "assign_generated_ipv6_cidr_block": false,
            "cidr_block": "10.0.0.0/16",
            "default_network_acl_id": "acl-0500bedbe5d6f5949",
            "default_route_table_id": "rtb-0d91524e784d20eef",
            "default_security_group_id": "sg-0f84c28e23b322c94",
            "dhcp_options_id": "dopt-088ffe1eb87d04298",
            "enable_classiclink": false,
            "enable_classiclink_dns_support": false,
            "enable_dns_hostnames": false,
            "enable_dns_support": true,
            "id": "vpc-0c58d7f5c9b86bc0f",
            "instance_tenancy": "default",
            "ipv6_association_id": "",
            "ipv6_cidr_block": "",
            "main_route_table_id": "rtb-0d91524e784d20eef",
            "owner_id": "360748086597",
            "tags": {
              "Name": "xwiggy-vpc"
            },
            "tags_all": {
              "Name": "xwiggy-vpc"
            }
          },
          "sensitive_attributes": [],
          "private": "eyJzY2hlbWFfdmVyc2lvbiI6IjEifQ=="
        }
      ]
    }
  ]
}
